{
  "name": "q5",
  "version": "1.0.0",
  "lockfileVersion": 2,
  "requires": true,
  "packages": {
    "": {
      "name": "q5",
      "version": "1.0.0",
      "license": "ISC",
      "dependencies": {
        "pickle": "^0.2.0"
      }
    },
    "node_modules/pickle": {
      "version": "0.2.0",
      "resolved": "https://registry.npmjs.org/pickle/-/pickle-0.2.0.tgz",
      "integrity": "sha512-zOlpjydw1S+DNG4jPL0OedsQNseJJUxdhthIwfJEUzy/No/+S014smZjByKbokyGiL9aq441InfMtP0h3oaByA==",
      "engines": {
        "node": ">=0.4.0"
      }
    }
  },
  "dependencies": {
    "pickle": {
      "version": "0.2.0",
      "resolved": "https://registry.npmjs.org/pickle/-/pickle-0.2.0.tgz",
      "integrity": "sha512-zOlpjydw1S+DNG4jPL0OedsQNseJJUxdhthIwfJEUzy/No/+S014smZjByKbokyGiL9aq441InfMtP0h3oaByA=="
    }
  }
}
